
Microsoft Visual Studio Solution File, Format Version 12.00
# Visual Studio Version 17
VisualStudioVersion = 17.5.33414.496
MinimumVisualStudioVersion = 10.0.40219.1
Project("{9A19103F-16F7-4668-BE54-9A1E7A4F7556}") = "Chapter01Window", "Chapter01Window\Chapter01Window.csproj", "{78A9AA16-5598-4211-8AB3-A3C26975CBDA}"
EndProject
Project("{9A19103F-16F7-4668-BE54-9A1E7A4F7556}") = "Chapter02Shaders", "Chapter02Shaders\Chapter02Shaders.csproj", "{1ED63153-64DE-4570-B053-F7810E494C93}"
EndProject
Project("{9A19103F-16F7-4668-BE54-9A1E7A4F7556}") = "Chapter03PipelineSetup", "Chapter03PipelineSetup\Chapter03PipelineSetup.csproj", "{195DD574-6E74-40ED-B250-252CD90B60DD}"
EndProject
Project("{9A19103F-16F7-4668-BE54-9A1E7A4F7556}") = "Chapter04PipelineStages", "Chapter04PipelineStages\Chapter04PipelineStages.csproj", "{2C7E4D50-C8B8-459D-A37A-B609317525D2}"
EndProject
Project("{9A19103F-16F7-4668-BE54-9A1E7A4F7556}") = "Chapter05PipelineStages", "Chapter05SwapChain\Chapter05PipelineStages.csproj", "{5F6A2A61-13ED-428B-A584-6BB2EC16DA9F}"
EndProject
Project("{9A19103F-16F7-4668-BE54-9A1E7A4F7556}") = "Chapter06VertextBuffers", "Chapter06VertexBuffers\Chapter06VertextBuffers.csproj", "{A85853E5-356B-4E88-8FF2-F35779CF5FAD}"
EndProject
Project("{9A19103F-16F7-4668-BE54-9A1E7A4F7556}") = "Chapter07FragmentInterpolation", "Chapter07FragmentInterpolation\Chapter07FragmentInterpolation.csproj", "{C598F577-1F21-497F-8288-F417A2C014D0}"
EndProject
Project("{9A19103F-16F7-4668-BE54-9A1E7A4F7556}") = "Chapter08DynamicViewports", "Chapter08DynamicViewports\Chapter08DynamicViewports.csproj", "{8806BC74-1FC5-4D8C-BA9B-2F5C29D037EB}"
EndProject
Project("{9A19103F-16F7-4668-BE54-9A1E7A4F7556}") = "Chapter09PushConstants", "Chapter09PushConstants\Chapter09PushConstants.csproj", "{BD08014E-6946-43BC-A55A-D118A69EB992}"
EndProject
Project("{9A19103F-16F7-4668-BE54-9A1E7A4F7556}") = "Chapter10TwoDTransformations", "Chapter10TwoDTransformations\Chapter10TwoDTransformations.csproj", "{DC25E07E-AB57-4784-BF3D-D16A45EBEBB8}"
EndProject
Project("{9A19103F-16F7-4668-BE54-9A1E7A4F7556}") = "Chapter11RendererSystems", "Chapter11RendererSystems\Chapter11RendererSystems.csproj", "{66B18E95-1051-4C46-A619-7DE53C66BDC3}"
EndProject
Project("{9A19103F-16F7-4668-BE54-9A1E7A4F7556}") = "Chapter12EulerHomogeneousCoords", "Chapter12EulerHomogeneousCoords\Chapter12EulerHomogeneousCoords.csproj", "{FF63E923-CFE3-43D6-A5A9-6D997900B76A}"
EndProject
Project("{9A19103F-16F7-4668-BE54-9A1E7A4F7556}") = "Chapter13ProjectionMatrices", "Chapter13ProjectionMatrices\Chapter13ProjectionMatrices.csproj", "{66513C4C-0F90-4558-BC77-ED6077B8DBC8}"
EndProject
Project("{9A19103F-16F7-4668-BE54-9A1E7A4F7556}") = "Chapter14CameraViewTransform", "Chapter14CameraViewTransform\Chapter14CameraViewTransform.csproj", "{57E06F94-37E3-4EFB-94A1-F58E98C2E86E}"
EndProject
Project("{9A19103F-16F7-4668-BE54-9A1E7A4F7556}") = "Chapter15GameLoopUserInput", "Chapter15GameLoopUserInput\Chapter15GameLoopUserInput.csproj", "{A3E24E0D-8556-4B17-89CE-7B2FA06C4BA5}"
EndProject
Project("{9A19103F-16F7-4668-BE54-9A1E7A4F7556}") = "Chapter16IndexStagingBuffers", "Chapter16IndexStagingBuffers\Chapter16IndexStagingBuffers.csproj", "{19B7C501-4699-41C0-B128-C918F5FE6379}"
EndProject
Project("{9A19103F-16F7-4668-BE54-9A1E7A4F7556}") = "Chapter17Loading3DModels", "Chapter17Loading3DModels\Chapter17Loading3DModels.csproj", "{9F0445B9-6C10-4B6B-A98A-45D3FD35055F}"
EndProject
Project("{9A19103F-16F7-4668-BE54-9A1E7A4F7556}") = "Chapter18DiffuseShading", "Chapter18DiffuseShading\Chapter18DiffuseShading.csproj", "{4BCD4F5C-62BC-4ABC-BF01-D3632568ED42}"
EndProject
Project("{9A19103F-16F7-4668-BE54-9A1E7A4F7556}") = "Chapter19UniformBuffers", "Chapter19UniformBuffers\Chapter19UniformBuffers.csproj", "{D2352FB1-C313-4BC6-99D2-66AD7DEFB683}"
EndProject
Global
	GlobalSection(SolutionConfigurationPlatforms) = preSolution
		Debug|Any CPU = Debug|Any CPU
		Release|Any CPU = Release|Any CPU
	EndGlobalSection
	GlobalSection(ProjectConfigurationPlatforms) = postSolution
		{78A9AA16-5598-4211-8AB3-A3C26975CBDA}.Debug|Any CPU.ActiveCfg = Debug|Any CPU
		{78A9AA16-5598-4211-8AB3-A3C26975CBDA}.Debug|Any CPU.Build.0 = Debug|Any CPU
		{78A9AA16-5598-4211-8AB3-A3C26975CBDA}.Release|Any CPU.ActiveCfg = Release|Any CPU
		{78A9AA16-5598-4211-8AB3-A3C26975CBDA}.Release|Any CPU.Build.0 = Release|Any CPU
		{1ED63153-64DE-4570-B053-F7810E494C93}.Debug|Any CPU.ActiveCfg = Debug|Any CPU
		{1ED63153-64DE-4570-B053-F7810E494C93}.Debug|Any CPU.Build.0 = Debug|Any CPU
		{1ED63153-64DE-4570-B053-F7810E494C93}.Release|Any CPU.ActiveCfg = Release|Any CPU
		{1ED63153-64DE-4570-B053-F7810E494C93}.Release|Any CPU.Build.0 = Release|Any CPU
		{195DD574-6E74-40ED-B250-252CD90B60DD}.Debug|Any CPU.ActiveCfg = Debug|Any CPU
		{195DD574-6E74-40ED-B250-252CD90B60DD}.Debug|Any CPU.Build.0 = Debug|Any CPU
		{195DD574-6E74-40ED-B250-252CD90B60DD}.Release|Any CPU.ActiveCfg = Release|Any CPU
		{195DD574-6E74-40ED-B250-252CD90B60DD}.Release|Any CPU.Build.0 = Release|Any CPU
		{2C7E4D50-C8B8-459D-A37A-B609317525D2}.Debug|Any CPU.ActiveCfg = Debug|Any CPU
		{2C7E4D50-C8B8-459D-A37A-B609317525D2}.Debug|Any CPU.Build.0 = Debug|Any CPU
		{2C7E4D50-C8B8-459D-A37A-B609317525D2}.Release|Any CPU.ActiveCfg = Release|Any CPU
		{2C7E4D50-C8B8-459D-A37A-B609317525D2}.Release|Any CPU.Build.0 = Release|Any CPU
		{5F6A2A61-13ED-428B-A584-6BB2EC16DA9F}.Debug|Any CPU.ActiveCfg = Debug|Any CPU
		{5F6A2A61-13ED-428B-A584-6BB2EC16DA9F}.Debug|Any CPU.Build.0 = Debug|Any CPU
		{5F6A2A61-13ED-428B-A584-6BB2EC16DA9F}.Release|Any CPU.ActiveCfg = Release|Any CPU
		{5F6A2A61-13ED-428B-A584-6BB2EC16DA9F}.Release|Any CPU.Build.0 = Release|Any CPU
		{A85853E5-356B-4E88-8FF2-F35779CF5FAD}.Debug|Any CPU.ActiveCfg = Debug|Any CPU
		{A85853E5-356B-4E88-8FF2-F35779CF5FAD}.Debug|Any CPU.Build.0 = Debug|Any CPU
		{A85853E5-356B-4E88-8FF2-F35779CF5FAD}.Release|Any CPU.ActiveCfg = Release|Any CPU
		{A85853E5-356B-4E88-8FF2-F35779CF5FAD}.Release|Any CPU.Build.0 = Release|Any CPU
		{C598F577-1F21-497F-8288-F417A2C014D0}.Debug|Any CPU.ActiveCfg = Debug|Any CPU
		{C598F577-1F21-497F-8288-F417A2C014D0}.Debug|Any CPU.Build.0 = Debug|Any CPU
		{C598F577-1F21-497F-8288-F417A2C014D0}.Release|Any CPU.ActiveCfg = Release|Any CPU
		{C598F577-1F21-497F-8288-F417A2C014D0}.Release|Any CPU.Build.0 = Release|Any CPU
		{8806BC74-1FC5-4D8C-BA9B-2F5C29D037EB}.Debug|Any CPU.ActiveCfg = Debug|Any CPU
		{8806BC74-1FC5-4D8C-BA9B-2F5C29D037EB}.Debug|Any CPU.Build.0 = Debug|Any CPU
		{8806BC74-1FC5-4D8C-BA9B-2F5C29D037EB}.Release|Any CPU.ActiveCfg = Release|Any CPU
		{8806BC74-1FC5-4D8C-BA9B-2F5C29D037EB}.Release|Any CPU.Build.0 = Release|Any CPU
		{BD08014E-6946-43BC-A55A-D118A69EB992}.Debug|Any CPU.ActiveCfg = Debug|Any CPU
		{BD08014E-6946-43BC-A55A-D118A69EB992}.Debug|Any CPU.Build.0 = Debug|Any CPU
		{BD08014E-6946-43BC-A55A-D118A69EB992}.Release|Any CPU.ActiveCfg = Release|Any CPU
		{BD08014E-6946-43BC-A55A-D118A69EB992}.Release|Any CPU.Build.0 = Release|Any CPU
		{DC25E07E-AB57-4784-BF3D-D16A45EBEBB8}.Debug|Any CPU.ActiveCfg = Debug|Any CPU
		{DC25E07E-AB57-4784-BF3D-D16A45EBEBB8}.Debug|Any CPU.Build.0 = Debug|Any CPU
		{DC25E07E-AB57-4784-BF3D-D16A45EBEBB8}.Release|Any CPU.ActiveCfg = Release|Any CPU
		{DC25E07E-AB57-4784-BF3D-D16A45EBEBB8}.Release|Any CPU.Build.0 = Release|Any CPU
		{66B18E95-1051-4C46-A619-7DE53C66BDC3}.Debug|Any CPU.ActiveCfg = Debug|Any CPU
		{66B18E95-1051-4C46-A619-7DE53C66BDC3}.Debug|Any CPU.Build.0 = Debug|Any CPU
		{66B18E95-1051-4C46-A619-7DE53C66BDC3}.Release|Any CPU.ActiveCfg = Release|Any CPU
		{66B18E95-1051-4C46-A619-7DE53C66BDC3}.Release|Any CPU.Build.0 = Release|Any CPU
		{FF63E923-CFE3-43D6-A5A9-6D997900B76A}.Debug|Any CPU.ActiveCfg = Debug|Any CPU
		{FF63E923-CFE3-43D6-A5A9-6D997900B76A}.Debug|Any CPU.Build.0 = Debug|Any CPU
		{FF63E923-CFE3-43D6-A5A9-6D997900B76A}.Release|Any CPU.ActiveCfg = Release|Any CPU
		{FF63E923-CFE3-43D6-A5A9-6D997900B76A}.Release|Any CPU.Build.0 = Release|Any CPU
		{66513C4C-0F90-4558-BC77-ED6077B8DBC8}.Debug|Any CPU.ActiveCfg = Debug|Any CPU
		{66513C4C-0F90-4558-BC77-ED6077B8DBC8}.Debug|Any CPU.Build.0 = Debug|Any CPU
		{66513C4C-0F90-4558-BC77-ED6077B8DBC8}.Release|Any CPU.ActiveCfg = Release|Any CPU
		{66513C4C-0F90-4558-BC77-ED6077B8DBC8}.Release|Any CPU.Build.0 = Release|Any CPU
		{57E06F94-37E3-4EFB-94A1-F58E98C2E86E}.Debug|Any CPU.ActiveCfg = Debug|Any CPU
		{57E06F94-37E3-4EFB-94A1-F58E98C2E86E}.Debug|Any CPU.Build.0 = Debug|Any CPU
		{57E06F94-37E3-4EFB-94A1-F58E98C2E86E}.Release|Any CPU.ActiveCfg = Release|Any CPU
		{57E06F94-37E3-4EFB-94A1-F58E98C2E86E}.Release|Any CPU.Build.0 = Release|Any CPU
		{A3E24E0D-8556-4B17-89CE-7B2FA06C4BA5}.Debug|Any CPU.ActiveCfg = Debug|Any CPU
		{A3E24E0D-8556-4B17-89CE-7B2FA06C4BA5}.Debug|Any CPU.Build.0 = Debug|Any CPU
		{A3E24E0D-8556-4B17-89CE-7B2FA06C4BA5}.Release|Any CPU.ActiveCfg = Release|Any CPU
		{A3E24E0D-8556-4B17-89CE-7B2FA06C4BA5}.Release|Any CPU.Build.0 = Release|Any CPU
		{19B7C501-4699-41C0-B128-C918F5FE6379}.Debug|Any CPU.ActiveCfg = Debug|Any CPU
		{19B7C501-4699-41C0-B128-C918F5FE6379}.Debug|Any CPU.Build.0 = Debug|Any CPU
		{19B7C501-4699-41C0-B128-C918F5FE6379}.Release|Any CPU.ActiveCfg = Release|Any CPU
		{19B7C501-4699-41C0-B128-C918F5FE6379}.Release|Any CPU.Build.0 = Release|Any CPU
		{9F0445B9-6C10-4B6B-A98A-45D3FD35055F}.Debug|Any CPU.ActiveCfg = Debug|Any CPU
		{9F0445B9-6C10-4B6B-A98A-45D3FD35055F}.Debug|Any CPU.Build.0 = Debug|Any CPU
		{9F0445B9-6C10-4B6B-A98A-45D3FD35055F}.Release|Any CPU.ActiveCfg = Release|Any CPU
		{9F0445B9-6C10-4B6B-A98A-45D3FD35055F}.Release|Any CPU.Build.0 = Release|Any CPU
		{4BCD4F5C-62BC-4ABC-BF01-D3632568ED42}.Debug|Any CPU.ActiveCfg = Debug|Any CPU
		{4BCD4F5C-62BC-4ABC-BF01-D3632568ED42}.Debug|Any CPU.Build.0 = Debug|Any CPU
		{4BCD4F5C-62BC-4ABC-BF01-D3632568ED42}.Release|Any CPU.ActiveCfg = Release|Any CPU
		{4BCD4F5C-62BC-4ABC-BF01-D3632568ED42}.Release|Any CPU.Build.0 = Release|Any CPU
		{D2352FB1-C313-4BC6-99D2-66AD7DEFB683}.Debug|Any CPU.ActiveCfg = Debug|Any CPU
		{D2352FB1-C313-4BC6-99D2-66AD7DEFB683}.Debug|Any CPU.Build.0 = Debug|Any CPU
		{D2352FB1-C313-4BC6-99D2-66AD7DEFB683}.Release|Any CPU.ActiveCfg = Release|Any CPU
		{D2352FB1-C313-4BC6-99D2-66AD7DEFB683}.Release|Any CPU.Build.0 = Release|Any CPU
	EndGlobalSection
	GlobalSection(SolutionProperties) = preSolution
		HideSolutionNode = FALSE
	EndGlobalSection
	GlobalSection(ExtensibilityGlobals) = postSolution
		SolutionGuid = {EC2DCAF2-3E35-4947-8BBB-4135CC822C6E}
	EndGlobalSection
EndGlobal
