
Microsoft Visual Studio Solution File, Format Version 12.00
# Visual Studio Version 17
VisualStudioVersion = 17.5.33414.496
MinimumVisualStudioVersion = 10.0.40219.1
Project("{9A19103F-16F7-4668-BE54-9A1E7A4F7556}") = "Chapter01Window", "Chapter01Window\Chapter01Window.csproj", "{78A9AA16-5598-4211-8AB3-A3C26975CBDA}"
EndProject
Project("{9A19103F-16F7-4668-BE54-9A1E7A4F7556}") = "Chapter02Shaders", "Chapter02Shaders\Chapter02Shaders.csproj", "{1ED63153-64DE-4570-B053-F7810E494C93}"
EndProject
Project("{9A19103F-16F7-4668-BE54-9A1E7A4F7556}") = "Chapter03PipelineSetup", "Chapter03PipelineSetup\Chapter03PipelineSetup.csproj", "{195DD574-6E74-40ED-B250-252CD90B60DD}"
EndProject
Project("{9A19103F-16F7-4668-BE54-9A1E7A4F7556}") = "Chapter04PipelineStages", "Chapter04PipelineStages\Chapter04PipelineStages.csproj", "{2C7E4D50-C8B8-459D-A37A-B609317525D2}"
EndProject
Project("{9A19103F-16F7-4668-BE54-9A1E7A4F7556}") = "Chapter05PipelineStages", "Chapter05SwapChain\Chapter05PipelineStages.csproj", "{5F6A2A61-13ED-428B-A584-6BB2EC16DA9F}"
EndProject
Project("{9A19103F-16F7-4668-BE54-9A1E7A4F7556}") = "Chapter06VertextBuffers", "Chapter06VertexBuffers\Chapter06VertextBuffers.csproj", "{A85853E5-356B-4E88-8FF2-F35779CF5FAD}"
EndProject
Project("{9A19103F-16F7-4668-BE54-9A1E7A4F7556}") = "Chapter07FragmentInterpolation", "Chapter07FragmentInterpolation\Chapter07FragmentInterpolation.csproj", "{C598F577-1F21-497F-8288-F417A2C014D0}"
EndProject
Project("{9A19103F-16F7-4668-BE54-9A1E7A4F7556}") = "Chapter08DynamicViewports", "Chapter08DynamicViewports\Chapter08DynamicViewports.csproj", "{8806BC74-1FC5-4D8C-BA9B-2F5C29D037EB}"
EndProject
Project("{9A19103F-16F7-4668-BE54-9A1E7A4F7556}") = "Chapter09PushConstants", "Chapter09PushConstants\Chapter09PushConstants.csproj", "{BD08014E-6946-43BC-A55A-D118A69EB992}"
EndProject
Project("{9A19103F-16F7-4668-BE54-9A1E7A4F7556}") = "Chapter102DTransformations", "Chapter102DTransformations\Chapter102DTransformations.csproj", "{1BC90F4A-F199-422B-A8B6-BB77D3E62D79}"
EndProject
Global
	GlobalSection(SolutionConfigurationPlatforms) = preSolution
		Debug|Any CPU = Debug|Any CPU
		Release|Any CPU = Release|Any CPU
	EndGlobalSection
	GlobalSection(ProjectConfigurationPlatforms) = postSolution
		{78A9AA16-5598-4211-8AB3-A3C26975CBDA}.Debug|Any CPU.ActiveCfg = Debug|Any CPU
		{78A9AA16-5598-4211-8AB3-A3C26975CBDA}.Debug|Any CPU.Build.0 = Debug|Any CPU
		{78A9AA16-5598-4211-8AB3-A3C26975CBDA}.Release|Any CPU.ActiveCfg = Release|Any CPU
		{78A9AA16-5598-4211-8AB3-A3C26975CBDA}.Release|Any CPU.Build.0 = Release|Any CPU
		{1ED63153-64DE-4570-B053-F7810E494C93}.Debug|Any CPU.ActiveCfg = Debug|Any CPU
		{1ED63153-64DE-4570-B053-F7810E494C93}.Debug|Any CPU.Build.0 = Debug|Any CPU
		{1ED63153-64DE-4570-B053-F7810E494C93}.Release|Any CPU.ActiveCfg = Release|Any CPU
		{1ED63153-64DE-4570-B053-F7810E494C93}.Release|Any CPU.Build.0 = Release|Any CPU
		{195DD574-6E74-40ED-B250-252CD90B60DD}.Debug|Any CPU.ActiveCfg = Debug|Any CPU
		{195DD574-6E74-40ED-B250-252CD90B60DD}.Debug|Any CPU.Build.0 = Debug|Any CPU
		{195DD574-6E74-40ED-B250-252CD90B60DD}.Release|Any CPU.ActiveCfg = Release|Any CPU
		{195DD574-6E74-40ED-B250-252CD90B60DD}.Release|Any CPU.Build.0 = Release|Any CPU
		{2C7E4D50-C8B8-459D-A37A-B609317525D2}.Debug|Any CPU.ActiveCfg = Debug|Any CPU
		{2C7E4D50-C8B8-459D-A37A-B609317525D2}.Debug|Any CPU.Build.0 = Debug|Any CPU
		{2C7E4D50-C8B8-459D-A37A-B609317525D2}.Release|Any CPU.ActiveCfg = Release|Any CPU
		{2C7E4D50-C8B8-459D-A37A-B609317525D2}.Release|Any CPU.Build.0 = Release|Any CPU
		{5F6A2A61-13ED-428B-A584-6BB2EC16DA9F}.Debug|Any CPU.ActiveCfg = Debug|Any CPU
		{5F6A2A61-13ED-428B-A584-6BB2EC16DA9F}.Debug|Any CPU.Build.0 = Debug|Any CPU
		{5F6A2A61-13ED-428B-A584-6BB2EC16DA9F}.Release|Any CPU.ActiveCfg = Release|Any CPU
		{5F6A2A61-13ED-428B-A584-6BB2EC16DA9F}.Release|Any CPU.Build.0 = Release|Any CPU
		{A85853E5-356B-4E88-8FF2-F35779CF5FAD}.Debug|Any CPU.ActiveCfg = Debug|Any CPU
		{A85853E5-356B-4E88-8FF2-F35779CF5FAD}.Debug|Any CPU.Build.0 = Debug|Any CPU
		{A85853E5-356B-4E88-8FF2-F35779CF5FAD}.Release|Any CPU.ActiveCfg = Release|Any CPU
		{A85853E5-356B-4E88-8FF2-F35779CF5FAD}.Release|Any CPU.Build.0 = Release|Any CPU
		{C598F577-1F21-497F-8288-F417A2C014D0}.Debug|Any CPU.ActiveCfg = Debug|Any CPU
		{C598F577-1F21-497F-8288-F417A2C014D0}.Debug|Any CPU.Build.0 = Debug|Any CPU
		{C598F577-1F21-497F-8288-F417A2C014D0}.Release|Any CPU.ActiveCfg = Release|Any CPU
		{C598F577-1F21-497F-8288-F417A2C014D0}.Release|Any CPU.Build.0 = Release|Any CPU
		{8806BC74-1FC5-4D8C-BA9B-2F5C29D037EB}.Debug|Any CPU.ActiveCfg = Debug|Any CPU
		{8806BC74-1FC5-4D8C-BA9B-2F5C29D037EB}.Debug|Any CPU.Build.0 = Debug|Any CPU
		{8806BC74-1FC5-4D8C-BA9B-2F5C29D037EB}.Release|Any CPU.ActiveCfg = Release|Any CPU
		{8806BC74-1FC5-4D8C-BA9B-2F5C29D037EB}.Release|Any CPU.Build.0 = Release|Any CPU
		{BD08014E-6946-43BC-A55A-D118A69EB992}.Debug|Any CPU.ActiveCfg = Debug|Any CPU
		{BD08014E-6946-43BC-A55A-D118A69EB992}.Debug|Any CPU.Build.0 = Debug|Any CPU
		{BD08014E-6946-43BC-A55A-D118A69EB992}.Release|Any CPU.ActiveCfg = Release|Any CPU
		{BD08014E-6946-43BC-A55A-D118A69EB992}.Release|Any CPU.Build.0 = Release|Any CPU
		{1BC90F4A-F199-422B-A8B6-BB77D3E62D79}.Debug|Any CPU.ActiveCfg = Debug|Any CPU
		{1BC90F4A-F199-422B-A8B6-BB77D3E62D79}.Debug|Any CPU.Build.0 = Debug|Any CPU
		{1BC90F4A-F199-422B-A8B6-BB77D3E62D79}.Release|Any CPU.ActiveCfg = Release|Any CPU
		{1BC90F4A-F199-422B-A8B6-BB77D3E62D79}.Release|Any CPU.Build.0 = Release|Any CPU
	EndGlobalSection
	GlobalSection(SolutionProperties) = preSolution
		HideSolutionNode = FALSE
	EndGlobalSection
	GlobalSection(ExtensibilityGlobals) = postSolution
		SolutionGuid = {EC2DCAF2-3E35-4947-8BBB-4135CC822C6E}
	EndGlobalSection
EndGlobal
