
Microsoft Visual Studio Solution File, Format Version 12.00
# Visual Studio Version 17
VisualStudioVersion = 17.5.33414.496
MinimumVisualStudioVersion = 10.0.40219.1
Project("{2150E333-8FDC-42A3-9474-1A3956D46DE8}") = "Assets", "Assets", "{4E629480-B2F1-4C76-9447-753DDCE4D081}"
	ProjectSection(SolutionItems) = preProject
		Assets\colored_cube.obj = Assets\colored_cube.obj
		Assets\cube.obj = Assets\cube.obj
		Assets\flat_vase.obj = Assets\flat_vase.obj
		Assets\quad.obj = Assets\quad.obj
		Assets\smooth_vase.obj = Assets\smooth_vase.obj
		Assets\viking_room.obj = Assets\viking_room.obj
	EndProjectSection
EndProject
Project("{2150E333-8FDC-42A3-9474-1A3956D46DE8}") = "TutorialChapters", "TutorialChapters", "{CF414F33-FAD4-4B63-AA34-5150ED294742}"
EndProject
Project("{2150E333-8FDC-42A3-9474-1A3956D46DE8}") = "Sandbox", "Sandbox", "{1A84EDAD-DC43-493D-B7DA-1FC7C1BDF32E}"
EndProject
Project("{9A19103F-16F7-4668-BE54-9A1E7A4F7556}") = "Chapter01Window", "Chapter01Window\Chapter01Window.csproj", "{70DACDCA-0A75-4E42-92BC-D0D2C3BBBDA3}"
EndProject
Project("{9A19103F-16F7-4668-BE54-9A1E7A4F7556}") = "Chapter02Shaders", "Chapter02Shaders\Chapter02Shaders.csproj", "{35ACA284-B9DD-4E0A-83AD-0DD1EE912CAF}"
EndProject
Project("{9A19103F-16F7-4668-BE54-9A1E7A4F7556}") = "Chapter03PipelineSetup", "Chapter03PipelineSetup\Chapter03PipelineSetup.csproj", "{7F68753D-61E3-4F96-A77A-C30FBF27494E}"
EndProject
Project("{9A19103F-16F7-4668-BE54-9A1E7A4F7556}") = "Chapter04PipelineStages", "Chapter04PipelineStages\Chapter04PipelineStages.csproj", "{83B1F914-C106-43FE-8F79-79FB63E13ADD}"
EndProject
Project("{9A19103F-16F7-4668-BE54-9A1E7A4F7556}") = "Chapter05PipelineStages", "Chapter05SwapChain\Chapter05PipelineStages.csproj", "{ECA8346B-8857-4DDC-B3BC-6AB5C789D16B}"
EndProject
Project("{9A19103F-16F7-4668-BE54-9A1E7A4F7556}") = "Chapter06VertextBuffers", "Chapter06VertexBuffers\Chapter06VertextBuffers.csproj", "{30222C44-5AB6-4375-97FD-12C835923ED6}"
EndProject
Project("{9A19103F-16F7-4668-BE54-9A1E7A4F7556}") = "Chapter07FragmentInterpolation", "Chapter07FragmentInterpolation\Chapter07FragmentInterpolation.csproj", "{55CA920A-2105-42C6-9A13-B41E8CA14A23}"
EndProject
Project("{9A19103F-16F7-4668-BE54-9A1E7A4F7556}") = "Chapter08DynamicViewports", "Chapter08DynamicViewports\Chapter08DynamicViewports.csproj", "{CE0F7169-0D62-476A-AA5D-A152290FA265}"
EndProject
Project("{9A19103F-16F7-4668-BE54-9A1E7A4F7556}") = "Chapter09PushConstants", "Chapter09PushConstants\Chapter09PushConstants.csproj", "{16113B16-7798-48E3-8E6C-4EDE91769905}"
EndProject
Project("{9A19103F-16F7-4668-BE54-9A1E7A4F7556}") = "Chapter10TwoDTransformations", "Chapter10TwoDTransformations\Chapter10TwoDTransformations.csproj", "{03BB576F-16F6-48D7-BB47-666F76B44978}"
EndProject
Project("{9A19103F-16F7-4668-BE54-9A1E7A4F7556}") = "Chapter11RendererSystems", "Chapter11RendererSystems\Chapter11RendererSystems.csproj", "{4A845641-F5D3-41B0-859D-05779CCD2856}"
EndProject
Project("{9A19103F-16F7-4668-BE54-9A1E7A4F7556}") = "Chapter12EulerHomogeneousCoords", "Chapter12EulerHomogeneousCoords\Chapter12EulerHomogeneousCoords.csproj", "{F00EB21E-B93F-47CF-9814-7D5620CE8367}"
EndProject
Project("{9A19103F-16F7-4668-BE54-9A1E7A4F7556}") = "Chapter13ProjectionMatrices", "Chapter13ProjectionMatrices\Chapter13ProjectionMatrices.csproj", "{14414F7D-BC69-400F-80C6-88C21051CB14}"
EndProject
Project("{9A19103F-16F7-4668-BE54-9A1E7A4F7556}") = "Chapter14CameraViewTransform", "Chapter14CameraViewTransform\Chapter14CameraViewTransform.csproj", "{E1142E8E-2693-4E78-9AD8-7B8480DA85A3}"
EndProject
Project("{9A19103F-16F7-4668-BE54-9A1E7A4F7556}") = "Chapter15GameLoopUserInput", "Chapter15GameLoopUserInput\Chapter15GameLoopUserInput.csproj", "{DC2539D8-65BD-47BA-A9CF-7EB0DEBBAAC6}"
EndProject
Project("{9A19103F-16F7-4668-BE54-9A1E7A4F7556}") = "Chapter16IndexStagingBuffers", "Chapter16IndexStagingBuffers\Chapter16IndexStagingBuffers.csproj", "{6CD6C399-BDDA-481F-B235-C44028C24865}"
EndProject
Project("{9A19103F-16F7-4668-BE54-9A1E7A4F7556}") = "Chapter17Loading3DModels", "Chapter17Loading3DModels\Chapter17Loading3DModels.csproj", "{D93344EA-EED7-4940-BD56-70E87C63D064}"
EndProject
Project("{9A19103F-16F7-4668-BE54-9A1E7A4F7556}") = "Chapter18DiffuseShading", "Chapter18DiffuseShading\Chapter18DiffuseShading.csproj", "{7B6DB86C-C6D8-41A0-9894-2EE25E1B4F31}"
EndProject
Project("{9A19103F-16F7-4668-BE54-9A1E7A4F7556}") = "Chapter19UniformBuffers", "Chapter19UniformBuffers\Chapter19UniformBuffers.csproj", "{C198B828-4F8E-4478-8FF8-EE396DD55D73}"
EndProject
Project("{9A19103F-16F7-4668-BE54-9A1E7A4F7556}") = "Chapter19zNoCoherentAomSizeFix", "Chapter19zNoCoherentAomSizeFix\Chapter19zNoCoherentAomSizeFix.csproj", "{511F0BDE-1347-486F-9CA9-A694FB13DE90}"
EndProject
Project("{9A19103F-16F7-4668-BE54-9A1E7A4F7556}") = "Chapter20aDescriptorSetsNoBuilder", "Chapter20aDescriptorSetsNoBuilder\Chapter20aDescriptorSetsNoBuilder.csproj", "{FAC6A4A3-857C-4CDD-9F30-E4F188F5B2E9}"
EndProject
Project("{9A19103F-16F7-4668-BE54-9A1E7A4F7556}") = "Chapter20DescriptorSets", "Chapter20DescriptorSets\Chapter20DescriptorSets.csproj", "{ED640774-295C-4DB8-8A28-63EE0769E695}"
EndProject
Project("{9A19103F-16F7-4668-BE54-9A1E7A4F7556}") = "Chapter21PointLights", "Chapter21PointLights\Chapter21PointLights.csproj", "{688506CB-3E16-47ED-86EB-9733C241C468}"
EndProject
Project("{9A19103F-16F7-4668-BE54-9A1E7A4F7556}") = "Chapter22FragmentLighting", "Chapter22FragmentLighting\Chapter22FragmentLighting.csproj", "{BFFFDD61-74B1-45A7-A2F2-4369EB7B5379}"
EndProject
Project("{9A19103F-16F7-4668-BE54-9A1E7A4F7556}") = "Chapter24Billboards", "Chapter24Billboards\Chapter24Billboards.csproj", "{C6AF75C8-25D6-49E3-A16B-DA199EC6A6AC}"
EndProject
Project("{9A19103F-16F7-4668-BE54-9A1E7A4F7556}") = "Chapter25MultiplePointLights", "Chapter25MultiplePointLights\Chapter25MultiplePointLights.csproj", "{F385A82B-1A8A-412B-82A4-655DB64A77C0}"
EndProject
Project("{9A19103F-16F7-4668-BE54-9A1E7A4F7556}") = "Chapter26SpecularLighting", "Chapter26SpecularLighting\Chapter26SpecularLighting.csproj", "{0514841C-13D5-4259-92A5-25069E557902}"
EndProject
Project("{9A19103F-16F7-4668-BE54-9A1E7A4F7556}") = "Chapter27AlphaBlending", "Chapter27AlphaBlending\Chapter27AlphaBlending.csproj", "{EAC039CD-D149-4A58-96A6-973DE2C5EC06}"
EndProject
Project("{9A19103F-16F7-4668-BE54-9A1E7A4F7556}") = "Sandbox01MultiSampling", "Sandbox01MultiSampling\Sandbox01MultiSampling.csproj", "{2ACE318F-F0F9-4459-8B85-9DC281132FB0}"
EndProject
Project("{9A19103F-16F7-4668-BE54-9A1E7A4F7556}") = "Sandbox02ImGui", "Sandbox02ImGui\Sandbox02ImGui.csproj", "{6FEBB0AD-AC8E-49BB-A798-B843F89F7289}"
EndProject
Global
	GlobalSection(SolutionConfigurationPlatforms) = preSolution
		Debug|Any CPU = Debug|Any CPU
		Release|Any CPU = Release|Any CPU
	EndGlobalSection
	GlobalSection(ProjectConfigurationPlatforms) = postSolution
		{70DACDCA-0A75-4E42-92BC-D0D2C3BBBDA3}.Debug|Any CPU.ActiveCfg = Debug|Any CPU
		{70DACDCA-0A75-4E42-92BC-D0D2C3BBBDA3}.Debug|Any CPU.Build.0 = Debug|Any CPU
		{70DACDCA-0A75-4E42-92BC-D0D2C3BBBDA3}.Release|Any CPU.ActiveCfg = Release|Any CPU
		{70DACDCA-0A75-4E42-92BC-D0D2C3BBBDA3}.Release|Any CPU.Build.0 = Release|Any CPU
		{35ACA284-B9DD-4E0A-83AD-0DD1EE912CAF}.Debug|Any CPU.ActiveCfg = Debug|Any CPU
		{35ACA284-B9DD-4E0A-83AD-0DD1EE912CAF}.Debug|Any CPU.Build.0 = Debug|Any CPU
		{35ACA284-B9DD-4E0A-83AD-0DD1EE912CAF}.Release|Any CPU.ActiveCfg = Release|Any CPU
		{35ACA284-B9DD-4E0A-83AD-0DD1EE912CAF}.Release|Any CPU.Build.0 = Release|Any CPU
		{7F68753D-61E3-4F96-A77A-C30FBF27494E}.Debug|Any CPU.ActiveCfg = Debug|Any CPU
		{7F68753D-61E3-4F96-A77A-C30FBF27494E}.Debug|Any CPU.Build.0 = Debug|Any CPU
		{7F68753D-61E3-4F96-A77A-C30FBF27494E}.Release|Any CPU.ActiveCfg = Release|Any CPU
		{7F68753D-61E3-4F96-A77A-C30FBF27494E}.Release|Any CPU.Build.0 = Release|Any CPU
		{83B1F914-C106-43FE-8F79-79FB63E13ADD}.Debug|Any CPU.ActiveCfg = Debug|Any CPU
		{83B1F914-C106-43FE-8F79-79FB63E13ADD}.Debug|Any CPU.Build.0 = Debug|Any CPU
		{83B1F914-C106-43FE-8F79-79FB63E13ADD}.Release|Any CPU.ActiveCfg = Release|Any CPU
		{83B1F914-C106-43FE-8F79-79FB63E13ADD}.Release|Any CPU.Build.0 = Release|Any CPU
		{ECA8346B-8857-4DDC-B3BC-6AB5C789D16B}.Debug|Any CPU.ActiveCfg = Debug|Any CPU
		{ECA8346B-8857-4DDC-B3BC-6AB5C789D16B}.Debug|Any CPU.Build.0 = Debug|Any CPU
		{ECA8346B-8857-4DDC-B3BC-6AB5C789D16B}.Release|Any CPU.ActiveCfg = Release|Any CPU
		{ECA8346B-8857-4DDC-B3BC-6AB5C789D16B}.Release|Any CPU.Build.0 = Release|Any CPU
		{30222C44-5AB6-4375-97FD-12C835923ED6}.Debug|Any CPU.ActiveCfg = Debug|Any CPU
		{30222C44-5AB6-4375-97FD-12C835923ED6}.Debug|Any CPU.Build.0 = Debug|Any CPU
		{30222C44-5AB6-4375-97FD-12C835923ED6}.Release|Any CPU.ActiveCfg = Release|Any CPU
		{30222C44-5AB6-4375-97FD-12C835923ED6}.Release|Any CPU.Build.0 = Release|Any CPU
		{55CA920A-2105-42C6-9A13-B41E8CA14A23}.Debug|Any CPU.ActiveCfg = Debug|Any CPU
		{55CA920A-2105-42C6-9A13-B41E8CA14A23}.Debug|Any CPU.Build.0 = Debug|Any CPU
		{55CA920A-2105-42C6-9A13-B41E8CA14A23}.Release|Any CPU.ActiveCfg = Release|Any CPU
		{55CA920A-2105-42C6-9A13-B41E8CA14A23}.Release|Any CPU.Build.0 = Release|Any CPU
		{CE0F7169-0D62-476A-AA5D-A152290FA265}.Debug|Any CPU.ActiveCfg = Debug|Any CPU
		{CE0F7169-0D62-476A-AA5D-A152290FA265}.Debug|Any CPU.Build.0 = Debug|Any CPU
		{CE0F7169-0D62-476A-AA5D-A152290FA265}.Release|Any CPU.ActiveCfg = Release|Any CPU
		{CE0F7169-0D62-476A-AA5D-A152290FA265}.Release|Any CPU.Build.0 = Release|Any CPU
		{16113B16-7798-48E3-8E6C-4EDE91769905}.Debug|Any CPU.ActiveCfg = Debug|Any CPU
		{16113B16-7798-48E3-8E6C-4EDE91769905}.Debug|Any CPU.Build.0 = Debug|Any CPU
		{16113B16-7798-48E3-8E6C-4EDE91769905}.Release|Any CPU.ActiveCfg = Release|Any CPU
		{16113B16-7798-48E3-8E6C-4EDE91769905}.Release|Any CPU.Build.0 = Release|Any CPU
		{03BB576F-16F6-48D7-BB47-666F76B44978}.Debug|Any CPU.ActiveCfg = Debug|Any CPU
		{03BB576F-16F6-48D7-BB47-666F76B44978}.Debug|Any CPU.Build.0 = Debug|Any CPU
		{03BB576F-16F6-48D7-BB47-666F76B44978}.Release|Any CPU.ActiveCfg = Release|Any CPU
		{03BB576F-16F6-48D7-BB47-666F76B44978}.Release|Any CPU.Build.0 = Release|Any CPU
		{4A845641-F5D3-41B0-859D-05779CCD2856}.Debug|Any CPU.ActiveCfg = Debug|Any CPU
		{4A845641-F5D3-41B0-859D-05779CCD2856}.Debug|Any CPU.Build.0 = Debug|Any CPU
		{4A845641-F5D3-41B0-859D-05779CCD2856}.Release|Any CPU.ActiveCfg = Release|Any CPU
		{4A845641-F5D3-41B0-859D-05779CCD2856}.Release|Any CPU.Build.0 = Release|Any CPU
		{F00EB21E-B93F-47CF-9814-7D5620CE8367}.Debug|Any CPU.ActiveCfg = Debug|Any CPU
		{F00EB21E-B93F-47CF-9814-7D5620CE8367}.Debug|Any CPU.Build.0 = Debug|Any CPU
		{F00EB21E-B93F-47CF-9814-7D5620CE8367}.Release|Any CPU.ActiveCfg = Release|Any CPU
		{F00EB21E-B93F-47CF-9814-7D5620CE8367}.Release|Any CPU.Build.0 = Release|Any CPU
		{14414F7D-BC69-400F-80C6-88C21051CB14}.Debug|Any CPU.ActiveCfg = Debug|Any CPU
		{14414F7D-BC69-400F-80C6-88C21051CB14}.Debug|Any CPU.Build.0 = Debug|Any CPU
		{14414F7D-BC69-400F-80C6-88C21051CB14}.Release|Any CPU.ActiveCfg = Release|Any CPU
		{14414F7D-BC69-400F-80C6-88C21051CB14}.Release|Any CPU.Build.0 = Release|Any CPU
		{E1142E8E-2693-4E78-9AD8-7B8480DA85A3}.Debug|Any CPU.ActiveCfg = Debug|Any CPU
		{E1142E8E-2693-4E78-9AD8-7B8480DA85A3}.Debug|Any CPU.Build.0 = Debug|Any CPU
		{E1142E8E-2693-4E78-9AD8-7B8480DA85A3}.Release|Any CPU.ActiveCfg = Release|Any CPU
		{E1142E8E-2693-4E78-9AD8-7B8480DA85A3}.Release|Any CPU.Build.0 = Release|Any CPU
		{DC2539D8-65BD-47BA-A9CF-7EB0DEBBAAC6}.Debug|Any CPU.ActiveCfg = Debug|Any CPU
		{DC2539D8-65BD-47BA-A9CF-7EB0DEBBAAC6}.Debug|Any CPU.Build.0 = Debug|Any CPU
		{DC2539D8-65BD-47BA-A9CF-7EB0DEBBAAC6}.Release|Any CPU.ActiveCfg = Release|Any CPU
		{DC2539D8-65BD-47BA-A9CF-7EB0DEBBAAC6}.Release|Any CPU.Build.0 = Release|Any CPU
		{6CD6C399-BDDA-481F-B235-C44028C24865}.Debug|Any CPU.ActiveCfg = Debug|Any CPU
		{6CD6C399-BDDA-481F-B235-C44028C24865}.Debug|Any CPU.Build.0 = Debug|Any CPU
		{6CD6C399-BDDA-481F-B235-C44028C24865}.Release|Any CPU.ActiveCfg = Release|Any CPU
		{6CD6C399-BDDA-481F-B235-C44028C24865}.Release|Any CPU.Build.0 = Release|Any CPU
		{D93344EA-EED7-4940-BD56-70E87C63D064}.Debug|Any CPU.ActiveCfg = Debug|Any CPU
		{D93344EA-EED7-4940-BD56-70E87C63D064}.Debug|Any CPU.Build.0 = Debug|Any CPU
		{D93344EA-EED7-4940-BD56-70E87C63D064}.Release|Any CPU.ActiveCfg = Release|Any CPU
		{D93344EA-EED7-4940-BD56-70E87C63D064}.Release|Any CPU.Build.0 = Release|Any CPU
		{7B6DB86C-C6D8-41A0-9894-2EE25E1B4F31}.Debug|Any CPU.ActiveCfg = Debug|Any CPU
		{7B6DB86C-C6D8-41A0-9894-2EE25E1B4F31}.Debug|Any CPU.Build.0 = Debug|Any CPU
		{7B6DB86C-C6D8-41A0-9894-2EE25E1B4F31}.Release|Any CPU.ActiveCfg = Release|Any CPU
		{7B6DB86C-C6D8-41A0-9894-2EE25E1B4F31}.Release|Any CPU.Build.0 = Release|Any CPU
		{C198B828-4F8E-4478-8FF8-EE396DD55D73}.Debug|Any CPU.ActiveCfg = Debug|Any CPU
		{C198B828-4F8E-4478-8FF8-EE396DD55D73}.Debug|Any CPU.Build.0 = Debug|Any CPU
		{C198B828-4F8E-4478-8FF8-EE396DD55D73}.Release|Any CPU.ActiveCfg = Release|Any CPU
		{C198B828-4F8E-4478-8FF8-EE396DD55D73}.Release|Any CPU.Build.0 = Release|Any CPU
		{511F0BDE-1347-486F-9CA9-A694FB13DE90}.Debug|Any CPU.ActiveCfg = Debug|Any CPU
		{511F0BDE-1347-486F-9CA9-A694FB13DE90}.Debug|Any CPU.Build.0 = Debug|Any CPU
		{511F0BDE-1347-486F-9CA9-A694FB13DE90}.Release|Any CPU.ActiveCfg = Release|Any CPU
		{511F0BDE-1347-486F-9CA9-A694FB13DE90}.Release|Any CPU.Build.0 = Release|Any CPU
		{FAC6A4A3-857C-4CDD-9F30-E4F188F5B2E9}.Debug|Any CPU.ActiveCfg = Debug|Any CPU
		{FAC6A4A3-857C-4CDD-9F30-E4F188F5B2E9}.Debug|Any CPU.Build.0 = Debug|Any CPU
		{FAC6A4A3-857C-4CDD-9F30-E4F188F5B2E9}.Release|Any CPU.ActiveCfg = Release|Any CPU
		{FAC6A4A3-857C-4CDD-9F30-E4F188F5B2E9}.Release|Any CPU.Build.0 = Release|Any CPU
		{ED640774-295C-4DB8-8A28-63EE0769E695}.Debug|Any CPU.ActiveCfg = Debug|Any CPU
		{ED640774-295C-4DB8-8A28-63EE0769E695}.Debug|Any CPU.Build.0 = Debug|Any CPU
		{ED640774-295C-4DB8-8A28-63EE0769E695}.Release|Any CPU.ActiveCfg = Release|Any CPU
		{ED640774-295C-4DB8-8A28-63EE0769E695}.Release|Any CPU.Build.0 = Release|Any CPU
		{688506CB-3E16-47ED-86EB-9733C241C468}.Debug|Any CPU.ActiveCfg = Debug|Any CPU
		{688506CB-3E16-47ED-86EB-9733C241C468}.Debug|Any CPU.Build.0 = Debug|Any CPU
		{688506CB-3E16-47ED-86EB-9733C241C468}.Release|Any CPU.ActiveCfg = Release|Any CPU
		{688506CB-3E16-47ED-86EB-9733C241C468}.Release|Any CPU.Build.0 = Release|Any CPU
		{BFFFDD61-74B1-45A7-A2F2-4369EB7B5379}.Debug|Any CPU.ActiveCfg = Debug|Any CPU
		{BFFFDD61-74B1-45A7-A2F2-4369EB7B5379}.Debug|Any CPU.Build.0 = Debug|Any CPU
		{BFFFDD61-74B1-45A7-A2F2-4369EB7B5379}.Release|Any CPU.ActiveCfg = Release|Any CPU
		{BFFFDD61-74B1-45A7-A2F2-4369EB7B5379}.Release|Any CPU.Build.0 = Release|Any CPU
		{C6AF75C8-25D6-49E3-A16B-DA199EC6A6AC}.Debug|Any CPU.ActiveCfg = Debug|Any CPU
		{C6AF75C8-25D6-49E3-A16B-DA199EC6A6AC}.Debug|Any CPU.Build.0 = Debug|Any CPU
		{C6AF75C8-25D6-49E3-A16B-DA199EC6A6AC}.Release|Any CPU.ActiveCfg = Release|Any CPU
		{C6AF75C8-25D6-49E3-A16B-DA199EC6A6AC}.Release|Any CPU.Build.0 = Release|Any CPU
		{F385A82B-1A8A-412B-82A4-655DB64A77C0}.Debug|Any CPU.ActiveCfg = Debug|Any CPU
		{F385A82B-1A8A-412B-82A4-655DB64A77C0}.Debug|Any CPU.Build.0 = Debug|Any CPU
		{F385A82B-1A8A-412B-82A4-655DB64A77C0}.Release|Any CPU.ActiveCfg = Release|Any CPU
		{F385A82B-1A8A-412B-82A4-655DB64A77C0}.Release|Any CPU.Build.0 = Release|Any CPU
		{0514841C-13D5-4259-92A5-25069E557902}.Debug|Any CPU.ActiveCfg = Debug|Any CPU
		{0514841C-13D5-4259-92A5-25069E557902}.Debug|Any CPU.Build.0 = Debug|Any CPU
		{0514841C-13D5-4259-92A5-25069E557902}.Release|Any CPU.ActiveCfg = Release|Any CPU
		{0514841C-13D5-4259-92A5-25069E557902}.Release|Any CPU.Build.0 = Release|Any CPU
		{EAC039CD-D149-4A58-96A6-973DE2C5EC06}.Debug|Any CPU.ActiveCfg = Debug|Any CPU
		{EAC039CD-D149-4A58-96A6-973DE2C5EC06}.Debug|Any CPU.Build.0 = Debug|Any CPU
		{EAC039CD-D149-4A58-96A6-973DE2C5EC06}.Release|Any CPU.ActiveCfg = Release|Any CPU
		{EAC039CD-D149-4A58-96A6-973DE2C5EC06}.Release|Any CPU.Build.0 = Release|Any CPU
		{2ACE318F-F0F9-4459-8B85-9DC281132FB0}.Debug|Any CPU.ActiveCfg = Debug|Any CPU
		{2ACE318F-F0F9-4459-8B85-9DC281132FB0}.Debug|Any CPU.Build.0 = Debug|Any CPU
		{2ACE318F-F0F9-4459-8B85-9DC281132FB0}.Release|Any CPU.ActiveCfg = Release|Any CPU
		{2ACE318F-F0F9-4459-8B85-9DC281132FB0}.Release|Any CPU.Build.0 = Release|Any CPU
		{6FEBB0AD-AC8E-49BB-A798-B843F89F7289}.Debug|Any CPU.ActiveCfg = Debug|Any CPU
		{6FEBB0AD-AC8E-49BB-A798-B843F89F7289}.Debug|Any CPU.Build.0 = Debug|Any CPU
		{6FEBB0AD-AC8E-49BB-A798-B843F89F7289}.Release|Any CPU.ActiveCfg = Release|Any CPU
		{6FEBB0AD-AC8E-49BB-A798-B843F89F7289}.Release|Any CPU.Build.0 = Release|Any CPU
	EndGlobalSection
	GlobalSection(SolutionProperties) = preSolution
		HideSolutionNode = FALSE
	EndGlobalSection
	GlobalSection(NestedProjects) = preSolution
		{70DACDCA-0A75-4E42-92BC-D0D2C3BBBDA3} = {CF414F33-FAD4-4B63-AA34-5150ED294742}
		{35ACA284-B9DD-4E0A-83AD-0DD1EE912CAF} = {CF414F33-FAD4-4B63-AA34-5150ED294742}
		{7F68753D-61E3-4F96-A77A-C30FBF27494E} = {CF414F33-FAD4-4B63-AA34-5150ED294742}
		{83B1F914-C106-43FE-8F79-79FB63E13ADD} = {CF414F33-FAD4-4B63-AA34-5150ED294742}
		{ECA8346B-8857-4DDC-B3BC-6AB5C789D16B} = {CF414F33-FAD4-4B63-AA34-5150ED294742}
		{30222C44-5AB6-4375-97FD-12C835923ED6} = {CF414F33-FAD4-4B63-AA34-5150ED294742}
		{55CA920A-2105-42C6-9A13-B41E8CA14A23} = {CF414F33-FAD4-4B63-AA34-5150ED294742}
		{CE0F7169-0D62-476A-AA5D-A152290FA265} = {CF414F33-FAD4-4B63-AA34-5150ED294742}
		{16113B16-7798-48E3-8E6C-4EDE91769905} = {CF414F33-FAD4-4B63-AA34-5150ED294742}
		{03BB576F-16F6-48D7-BB47-666F76B44978} = {CF414F33-FAD4-4B63-AA34-5150ED294742}
		{4A845641-F5D3-41B0-859D-05779CCD2856} = {CF414F33-FAD4-4B63-AA34-5150ED294742}
		{F00EB21E-B93F-47CF-9814-7D5620CE8367} = {CF414F33-FAD4-4B63-AA34-5150ED294742}
		{14414F7D-BC69-400F-80C6-88C21051CB14} = {CF414F33-FAD4-4B63-AA34-5150ED294742}
		{E1142E8E-2693-4E78-9AD8-7B8480DA85A3} = {CF414F33-FAD4-4B63-AA34-5150ED294742}
		{DC2539D8-65BD-47BA-A9CF-7EB0DEBBAAC6} = {CF414F33-FAD4-4B63-AA34-5150ED294742}
		{6CD6C399-BDDA-481F-B235-C44028C24865} = {CF414F33-FAD4-4B63-AA34-5150ED294742}
		{D93344EA-EED7-4940-BD56-70E87C63D064} = {CF414F33-FAD4-4B63-AA34-5150ED294742}
		{7B6DB86C-C6D8-41A0-9894-2EE25E1B4F31} = {CF414F33-FAD4-4B63-AA34-5150ED294742}
		{C198B828-4F8E-4478-8FF8-EE396DD55D73} = {CF414F33-FAD4-4B63-AA34-5150ED294742}
		{511F0BDE-1347-486F-9CA9-A694FB13DE90} = {CF414F33-FAD4-4B63-AA34-5150ED294742}
		{FAC6A4A3-857C-4CDD-9F30-E4F188F5B2E9} = {CF414F33-FAD4-4B63-AA34-5150ED294742}
		{ED640774-295C-4DB8-8A28-63EE0769E695} = {CF414F33-FAD4-4B63-AA34-5150ED294742}
		{688506CB-3E16-47ED-86EB-9733C241C468} = {CF414F33-FAD4-4B63-AA34-5150ED294742}
		{BFFFDD61-74B1-45A7-A2F2-4369EB7B5379} = {CF414F33-FAD4-4B63-AA34-5150ED294742}
		{C6AF75C8-25D6-49E3-A16B-DA199EC6A6AC} = {CF414F33-FAD4-4B63-AA34-5150ED294742}
		{F385A82B-1A8A-412B-82A4-655DB64A77C0} = {CF414F33-FAD4-4B63-AA34-5150ED294742}
		{0514841C-13D5-4259-92A5-25069E557902} = {CF414F33-FAD4-4B63-AA34-5150ED294742}
		{EAC039CD-D149-4A58-96A6-973DE2C5EC06} = {CF414F33-FAD4-4B63-AA34-5150ED294742}
		{2ACE318F-F0F9-4459-8B85-9DC281132FB0} = {1A84EDAD-DC43-493D-B7DA-1FC7C1BDF32E}
		{6FEBB0AD-AC8E-49BB-A798-B843F89F7289} = {1A84EDAD-DC43-493D-B7DA-1FC7C1BDF32E}
	EndGlobalSection
	GlobalSection(ExtensibilityGlobals) = postSolution
		SolutionGuid = {EC2DCAF2-3E35-4947-8BBB-4135CC822C6E}
	EndGlobalSection
EndGlobal
